{
  "name": "screeps-engine-parity-harness",
  "version": "1.0.0",
  "lockfileVersion": 3,
  "requires": true,
  "packages": {
    "": {
      "name": "screeps-engine-parity-harness",
      "version": "1.0.0",
      "license": "MIT",
      "dependencies": {
        "mongodb": "^4.17.2"
      },
      "engines": {
        "node": ">=10.13.0 <=12.999.999"
      }
    },
    "node_modules/@aws-crypto/sha256-browser": {
      "version": "5.2.0",
      "license": "Apache-2.0",
      "optional": true,
      "dependencies": {
        "@aws-crypto/sha256-js": "^5.2.0",
        "@aws-crypto/supports-web-crypto": "^5.2.0",
        "@aws-crypto/util": "^5.2.0",
        "@aws-sdk/types": "^3.222.0",
        "@aws-sdk/util-locate-window": "^3.0.0",
        "@smithy/util-utf8": "^2.0.0",
        "tslib": "^2.6.2"
      }
    },
    "node_modules/@aws-crypto/sha256-browser/node_modules/@smithy/util-utf8": {
      "version": "2.3.0",
      "license": "Apache-2.0",
      "optional": true,
      "dependencies": {
        "@smithy/util-buffer-from": "^2.2.0",
        "tslib": "^2.6.2"
      },
      "engines": {
        "node": ">=14.0.0"
      }
    },
    "node_modules/@aws-crypto/sha256-js": {
      "version": "5.2.0",
      "license": "Apache-2.0",
      "optional": true,
      "dependencies": {
        "@aws-crypto/util": "^5.2.0",
        "@aws-sdk/types": "^3.222.0",
        "tslib": "^2.6.2"
      },
      "engines": {
        "node": ">=16.0.0"
      }
    },
    "node_modules/@aws-crypto/supports-web-crypto": {
      "version": "5.2.0",
      "license": "Apache-2.0",
      "optional": true,
      "dependencies": {
        "tslib": "^2.6.2"
      }
    },
    "node_modules/@aws-crypto/util": {
      "version": "5.2.0",
      "license": "Apache-2.0",
      "optional": true,
      "dependencies": {
        "@aws-sdk/types": "^3.222.0",
        "@smithy/util-utf8": "^2.0.0",
        "tslib": "^2.6.2"
      }
    },
    "node_modules/@aws-crypto/util/node_modules/@smithy/util-utf8": {
      "version": "2.3.0",
      "license": "Apache-2.0",
      "optional": true,
      "dependencies": {
        "@smithy/util-buffer-from": "^2.2.0",
        "tslib": "^2.6.2"
      },
      "engines": {
        "node": ">=14.0.0"
      }
    },
    "node_modules/@aws-sdk/client-cognito-identity": {
      "version": "3.972.0",
      "license": "Apache-2.0",
      "optional": true,
      "dependencies": {
        "@aws-crypto/sha256-browser": "5.2.0",
        "@aws-crypto/sha256-js": "5.2.0",
        "@aws-sdk/core": "3.972.0",
        "@aws-sdk/credential-provider-node": "3.972.0",
        "@aws-sdk/middleware-host-header": "3.972.0",
        "@aws-sdk/middleware-logger": "3.972.0",
        "@aws-sdk/middleware-recursion-detection": "3.972.0",
        "@aws-sdk/middleware-user-agent": "3.972.0",
        "@aws-sdk/region-config-resolver": "3.972.0",
        "@aws-sdk/types": "3.972.0",
        "@aws-sdk/util-endpoints": "3.972.0",
        "@aws-sdk/util-user-agent-browser": "3.972.0",
        "@aws-sdk/util-user-agent-node": "3.972.0",
        "@smithy/config-resolver": "^4.4.6",
        "@smithy/core": "^3.20.6",
        "@smithy/fetch-http-handler": "^5.3.9",
        "@smithy/hash-node": "^4.2.8",
        "@smithy/invalid-dependency": "^4.2.8",
        "@smithy/middleware-content-length": "^4.2.8",
        "@smithy/middleware-endpoint": "^4.4.7",
        "@smithy/middleware-retry": "^4.4.23",
        "@smithy/middleware-serde": "^4.2.9",
        "@smithy/middleware-stack": "^4.2.8",
        "@smithy/node-config-provider": "^4.3.8",
        "@smithy/node-http-handler": "^4.4.8",
        "@smithy/protocol-http": "^5.3.8",
        "@smithy/smithy-client": "^4.10.8",
        "@smithy/types": "^4.12.0",
        "@smithy/url-parser": "^4.2.8",
        "@smithy/util-base64": "^4.3.0",
        "@smithy/util-body-length-browser": "^4.2.0",
        "@smithy/util-body-length-node": "^4.2.1",
        "@smithy/util-defaults-mode-browser": "^4.3.22",
        "@smithy/util-defaults-mode-node": "^4.2.25",
        "@smithy/util-endpoints": "^3.2.8",
        "@smithy/util-middleware": "^4.2.8",
        "@smithy/util-retry": "^4.2.8",
        "@smithy/util-utf8": "^4.2.0",
        "tslib": "^2.6.2"
      },
      "engines": {
        "node": ">=20.0.0"
      }
    },
    "node_modules/@aws-sdk/client-sso": {
      "version": "3.972.0",
      "license": "Apache-2.0",
      "optional": true,
      "dependencies": {
        "@aws-crypto/sha256-browser": "5.2.0",
        "@aws-crypto/sha256-js": "5.2.0",
        "@aws-sdk/core": "3.972.0",
        "@aws-sdk/middleware-host-header": "3.972.0",
        "@aws-sdk/middleware-logger": "3.972.0",
        "@aws-sdk/middleware-recursion-detection": "3.972.0",
        "@aws-sdk/middleware-user-agent": "3.972.0",
        "@aws-sdk/region-config-resolver": "3.972.0",
        "@aws-sdk/types": "3.972.0",
        "@aws-sdk/util-endpoints": "3.972.0",
        "@aws-sdk/util-user-agent-browser": "3.972.0",
        "@aws-sdk/util-user-agent-node": "3.972.0",
        "@smithy/config-resolver": "^4.4.6",
        "@smithy/core": "^3.20.6",
        "@smithy/fetch-http-handler": "^5.3.9",
        "@smithy/hash-node": "^4.2.8",
        "@smithy/invalid-dependency": "^4.2.8",
        "@smithy/middleware-content-length": "^4.2.8",
        "@smithy/middleware-endpoint": "^4.4.7",
        "@smithy/middleware-retry": "^4.4.23",
        "@smithy/middleware-serde": "^4.2.9",
        "@smithy/middleware-stack": "^4.2.8",
        "@smithy/node-config-provider": "^4.3.8",
        "@smithy/node-http-handler": "^4.4.8",
        "@smithy/protocol-http": "^5.3.8",
        "@smithy/smithy-client": "^4.10.8",
        "@smithy/types": "^4.12.0",
        "@smithy/url-parser": "^4.2.8",
        "@smithy/util-base64": "^4.3.0",
        "@smithy/util-body-length-browser": "^4.2.0",
        "@smithy/util-body-length-node": "^4.2.1",
        "@smithy/util-defaults-mode-browser": "^4.3.22",
        "@smithy/util-defaults-mode-node": "^4.2.25",
        "@smithy/util-endpoints": "^3.2.8",
        "@smithy/util-middleware": "^4.2.8",
        "@smithy/util-retry": "^4.2.8",
        "@smithy/util-utf8": "^4.2.0",
        "tslib": "^2.6.2"
      },
      "engines": {
        "node": ">=20.0.0"
      }
    },
    "node_modules/@aws-sdk/core": {
      "version": "3.972.0",
      "license": "Apache-2.0",
      "optional": true,
      "dependencies": {
        "@aws-sdk/types": "3.972.0",
        "@aws-sdk/xml-builder": "3.972.0",
        "@smithy/core": "^3.20.6",
        "@smithy/node-config-provider": "^4.3.8",
        "@smithy/property-provider": "^4.2.8",
        "@smithy/protocol-http": "^5.3.8",
        "@smithy/signature-v4": "^5.3.8",
        "@smithy/smithy-client": "^4.10.8",
        "@smithy/types": "^4.12.0",
        "@smithy/util-base64": "^4.3.0",
        "@smithy/util-middleware": "^4.2.8",
        "@smithy/util-utf8": "^4.2.0",
        "tslib": "^2.6.2"
      },
      "engines": {
        "node": ">=20.0.0"
      }
    },
    "node_modules/@aws-sdk/credential-provider-cognito-identity": {
      "version": "3.972.0",
      "license": "Apache-2.0",
      "optional": true,
      "dependencies": {
        "@aws-sdk/client-cognito-identity": "3.972.0",
        "@aws-sdk/types": "3.972.0",
        "@smithy/property-provider": "^4.2.8",
        "@smithy/types": "^4.12.0",
        "tslib": "^2.6.2"
      },
      "engines": {
        "node": ">=20.0.0"
      }
    },
    "node_modules/@aws-sdk/credential-provider-env": {
      "version": "3.972.0",
      "license": "Apache-2.0",
      "optional": true,
      "dependencies": {
        "@aws-sdk/core": "3.972.0",
        "@aws-sdk/types": "3.972.0",
        "@smithy/property-provider": "^4.2.8",
        "@smithy/types": "^4.12.0",
        "tslib": "^2.6.2"
      },
      "engines": {
        "node": ">=20.0.0"
      }
    },
    "node_modules/@aws-sdk/credential-provider-http": {
      "version": "3.972.0",
      "license": "Apache-2.0",
      "optional": true,
      "dependencies": {
        "@aws-sdk/core": "3.972.0",
        "@aws-sdk/types": "3.972.0",
        "@smithy/fetch-http-handler": "^5.3.9",
        "@smithy/node-http-handler": "^4.4.8",
        "@smithy/property-provider": "^4.2.8",
        "@smithy/protocol-http": "^5.3.8",
        "@smithy/smithy-client": "^4.10.8",
        "@smithy/types": "^4.12.0",
        "@smithy/util-stream": "^4.5.10",
        "tslib": "^2.6.2"
      },
      "engines": {
        "node": ">=20.0.0"
      }
    },
    "node_modules/@aws-sdk/credential-provider-ini": {
      "version": "3.972.0",
      "license": "Apache-2.0",
      "optional": true,
      "dependencies": {
        "@aws-sdk/core": "3.972.0",
        "@aws-sdk/credential-provider-env": "3.972.0",
        "@aws-sdk/credential-provider-http": "3.972.0",
        "@aws-sdk/credential-provider-login": "3.972.0",
        "@aws-sdk/credential-provider-process": "3.972.0",
        "@aws-sdk/credential-provider-sso": "3.972.0",
        "@aws-sdk/credential-provider-web-identity": "3.972.0",
        "@aws-sdk/nested-clients": "3.972.0",
        "@aws-sdk/types": "3.972.0",
        "@smithy/credential-provider-imds": "^4.2.8",
        "@smithy/property-provider": "^4.2.8",
        "@smithy/shared-ini-file-loader": "^4.4.3",
        "@smithy/types": "^4.12.0",
        "tslib": "^2.6.2"
      },
      "engines": {
        "node": ">=20.0.0"
      }
    },
    "node_modules/@aws-sdk/credential-provider-login": {
      "version": "3.972.0",
      "license": "Apache-2.0",
      "optional": true,
      "dependencies": {
        "@aws-sdk/core": "3.972.0",
        "@aws-sdk/nested-clients": "3.972.0",
        "@aws-sdk/types": "3.972.0",
        "@smithy/property-provider": "^4.2.8",
        "@smithy/protocol-http": "^5.3.8",
        "@smithy/shared-ini-file-loader": "^4.4.3",
        "@smithy/types": "^4.12.0",
        "tslib": "^2.6.2"
      },
      "engines": {
        "node": ">=20.0.0"
      }
    },
    "node_modules/@aws-sdk/credential-provider-node": {
      "version": "3.972.0",
      "license": "Apache-2.0",
      "optional": true,
      "dependencies": {
        "@aws-sdk/credential-provider-env": "3.972.0",
        "@aws-sdk/credential-provider-http": "3.972.0",
        "@aws-sdk/credential-provider-ini": "3.972.0",
        "@aws-sdk/credential-provider-process": "3.972.0",
        "@aws-sdk/credential-provider-sso": "3.972.0",
        "@aws-sdk/credential-provider-web-identity": "3.972.0",
        "@aws-sdk/types": "3.972.0",
        "@smithy/credential-provider-imds": "^4.2.8",
        "@smithy/property-provider": "^4.2.8",
        "@smithy/shared-ini-file-loader": "^4.4.3",
        "@smithy/types": "^4.12.0",
        "tslib": "^2.6.2"
      },
      "engines": {
        "node": ">=20.0.0"
      }
    },
    "node_modules/@aws-sdk/credential-provider-process": {
      "version": "3.972.0",
      "license": "Apache-2.0",
      "optional": true,
      "dependencies": {
        "@aws-sdk/core": "3.972.0",
        "@aws-sdk/types": "3.972.0",
        "@smithy/property-provider": "^4.2.8",
        "@smithy/shared-ini-file-loader": "^4.4.3",
        "@smithy/types": "^4.12.0",
        "tslib": "^2.6.2"
      },
      "engines": {
        "node": ">=20.0.0"
      }
    },
    "node_modules/@aws-sdk/credential-provider-sso": {
      "version": "3.972.0",
      "license": "Apache-2.0",
      "optional": true,
      "dependencies": {
        "@aws-sdk/client-sso": "3.972.0",
        "@aws-sdk/core": "3.972.0",
        "@aws-sdk/token-providers": "3.972.0",
        "@aws-sdk/types": "3.972.0",
        "@smithy/property-provider": "^4.2.8",
        "@smithy/shared-ini-file-loader": "^4.4.3",
        "@smithy/types": "^4.12.0",
        "tslib": "^2.6.2"
      },
      "engines": {
        "node": ">=20.0.0"
      }
    },
    "node_modules/@aws-sdk/credential-provider-web-identity": {
      "version": "3.972.0",
      "license": "Apache-2.0",
      "optional": true,
      "dependencies": {
        "@aws-sdk/core": "3.972.0",
        "@aws-sdk/nested-clients": "3.972.0",
        "@aws-sdk/types": "3.972.0",
        "@smithy/property-provider": "^4.2.8",
        "@smithy/shared-ini-file-loader": "^4.4.3",
        "@smithy/types": "^4.12.0",
        "tslib": "^2.6.2"
      },
      "engines": {
        "node": ">=20.0.0"
      }
    },
    "node_modules/@aws-sdk/credential-providers": {
      "version": "3.972.0",
      "license": "Apache-2.0",
      "optional": true,
      "dependencies": {
        "@aws-sdk/client-cognito-identity": "3.972.0",
        "@aws-sdk/core": "3.972.0",
        "@aws-sdk/credential-provider-cognito-identity": "3.972.0",
        "@aws-sdk/credential-provider-env": "3.972.0",
        "@aws-sdk/credential-provider-http": "3.972.0",
        "@aws-sdk/credential-provider-ini": "3.972.0",
        "@aws-sdk/credential-provider-login": "3.972.0",
        "@aws-sdk/credential-provider-node": "3.972.0",
        "@aws-sdk/credential-provider-process": "3.972.0",
        "@aws-sdk/credential-provider-sso": "3.972.0",
        "@aws-sdk/credential-provider-web-identity": "3.972.0",
        "@aws-sdk/nested-clients": "3.972.0",
        "@aws-sdk/types": "3.972.0",
        "@smithy/config-resolver": "^4.4.6",
        "@smithy/core": "^3.20.6",
        "@smithy/credential-provider-imds": "^4.2.8",
        "@smithy/node-config-provider": "^4.3.8",
        "@smithy/property-provider": "^4.2.8",
        "@smithy/types": "^4.12.0",
        "tslib": "^2.6.2"
      },
      "engines": {
        "node": ">=20.0.0"
      }
    },
    "node_modules/@aws-sdk/middleware-host-header": {
      "version": "3.972.0",
      "license": "Apache-2.0",
      "optional": true,
      "dependencies": {
        "@aws-sdk/types": "3.972.0",
        "@smithy/protocol-http": "^5.3.8",
        "@smithy/types": "^4.12.0",
        "tslib": "^2.6.2"
      },
      "engines": {
        "node": ">=20.0.0"
      }
    },
    "node_modules/@aws-sdk/middleware-logger": {
      "version": "3.972.0",
      "license": "Apache-2.0",
      "optional": true,
      "dependencies": {
        "@aws-sdk/types": "3.972.0",
        "@smithy/types": "^4.12.0",
        "tslib": "^2.6.2"
      },
      "engines": {
        "node": ">=20.0.0"
      }
    },
    "node_modules/@aws-sdk/middleware-recursion-detection": {
      "version": "3.972.0",
      "license": "Apache-2.0",
      "optional": true,
      "dependencies": {
        "@aws-sdk/types": "3.972.0",
        "@aws/lambda-invoke-store": "^0.2.2",
        "@smithy/protocol-http": "^5.3.8",
        "@smithy/types": "^4.12.0",
        "tslib": "^2.6.2"
      },
      "engines": {
        "node": ">=20.0.0"
      }
    },
    "node_modules/@aws-sdk/middleware-user-agent": {
      "version": "3.972.0",
      "license": "Apache-2.0",
      "optional": true,
      "dependencies": {
        "@aws-sdk/core": "3.972.0",
        "@aws-sdk/types": "3.972.0",
        "@aws-sdk/util-endpoints": "3.972.0",
        "@smithy/core": "^3.20.6",
        "@smithy/protocol-http": "^5.3.8",
        "@smithy/types": "^4.12.0",
        "tslib": "^2.6.2"
      },
      "engines": {
        "node": ">=20.0.0"
      }
    },
    "node_modules/@aws-sdk/nested-clients": {
      "version": "3.972.0",
      "license": "Apache-2.0",
      "optional": true,
      "dependencies": {
        "@aws-crypto/sha256-browser": "5.2.0",
        "@aws-crypto/sha256-js": "5.2.0",
        "@aws-sdk/core": "3.972.0",
        "@aws-sdk/middleware-host-header": "3.972.0",
        "@aws-sdk/middleware-logger": "3.972.0",
        "@aws-sdk/middleware-recursion-detection": "3.972.0",
        "@aws-sdk/middleware-user-agent": "3.972.0",
        "@aws-sdk/region-config-resolver": "3.972.0",
        "@aws-sdk/types": "3.972.0",
        "@aws-sdk/util-endpoints": "3.972.0",
        "@aws-sdk/util-user-agent-browser": "3.972.0",
        "@aws-sdk/util-user-agent-node": "3.972.0",
        "@smithy/config-resolver": "^4.4.6",
        "@smithy/core": "^3.20.6",
        "@smithy/fetch-http-handler": "^5.3.9",
        "@smithy/hash-node": "^4.2.8",
        "@smithy/invalid-dependency": "^4.2.8",
        "@smithy/middleware-content-length": "^4.2.8",
        "@smithy/middleware-endpoint": "^4.4.7",
        "@smithy/middleware-retry": "^4.4.23",
        "@smithy/middleware-serde": "^4.2.9",
        "@smithy/middleware-stack": "^4.2.8",
        "@smithy/node-config-provider": "^4.3.8",
        "@smithy/node-http-handler": "^4.4.8",
        "@smithy/protocol-http": "^5.3.8",
        "@smithy/smithy-client": "^4.10.8",
        "@smithy/types": "^4.12.0",
        "@smithy/url-parser": "^4.2.8",
        "@smithy/util-base64": "^4.3.0",
        "@smithy/util-body-length-browser": "^4.2.0",
        "@smithy/util-body-length-node": "^4.2.1",
        "@smithy/util-defaults-mode-browser": "^4.3.22",
        "@smithy/util-defaults-mode-node": "^4.2.25",
        "@smithy/util-endpoints": "^3.2.8",
        "@smithy/util-middleware": "^4.2.8",
        "@smithy/util-retry": "^4.2.8",
        "@smithy/util-utf8": "^4.2.0",
        "tslib": "^2.6.2"
      },
      "engines": {
        "node": ">=20.0.0"
      }
    },
    "node_modules/@aws-sdk/region-config-resolver": {
      "version": "3.972.0",
      "license": "Apache-2.0",
      "optional": true,
      "dependencies": {
        "@aws-sdk/types": "3.972.0",
        "@smithy/config-resolver": "^4.4.6",
        "@smithy/node-config-provider": "^4.3.8",
        "@smithy/types": "^4.12.0",
        "tslib": "^2.6.2"
      },
      "engines": {
        "node": ">=20.0.0"
      }
    },
    "node_modules/@aws-sdk/token-providers": {
      "version": "3.972.0",
      "license": "Apache-2.0",
      "optional": true,
      "dependencies": {
        "@aws-sdk/core": "3.972.0",
        "@aws-sdk/nested-clients": "3.972.0",
        "@aws-sdk/types": "3.972.0",
        "@smithy/property-provider": "^4.2.8",
        "@smithy/shared-ini-file-loader": "^4.4.3",
        "@smithy/types": "^4.12.0",
        "tslib": "^2.6.2"
      },
      "engines": {
        "node": ">=20.0.0"
      }
    },
    "node_modules/@aws-sdk/types": {
      "version": "3.972.0",
      "license": "Apache-2.0",
      "optional": true,
      "dependencies": {
        "@smithy/types": "^4.12.0",
        "tslib": "^2.6.2"
      },
      "engines": {
        "node": ">=20.0.0"
      }
    },
    "node_modules/@aws-sdk/util-endpoints": {
      "version": "3.972.0",
      "license": "Apache-2.0",
      "optional": true,
      "dependencies": {
        "@aws-sdk/types": "3.972.0",
        "@smithy/types": "^4.12.0",
        "@smithy/url-parser": "^4.2.8",
        "@smithy/util-endpoints": "^3.2.8",
        "tslib": "^2.6.2"
      },
      "engines": {
        "node": ">=20.0.0"
      }
    },
    "node_modules/@aws-sdk/util-locate-window": {
      "version": "3.965.3",
      "license": "Apache-2.0",
      "optional": true,
      "dependencies": {
        "tslib": "^2.6.2"
      },
      "engines": {
        "node": ">=20.0.0"
      }
    },
    "node_modules/@aws-sdk/util-user-agent-browser": {
      "version": "3.972.0",
      "license": "Apache-2.0",
      "optional": true,
      "dependencies": {
        "@aws-sdk/types": "3.972.0",
        "@smithy/types": "^4.12.0",
        "bowser": "^2.11.0",
        "tslib": "^2.6.2"
      }
    },
    "node_modules/@aws-sdk/util-user-agent-node": {
      "version": "3.972.0",
      "license": "Apache-2.0",
      "optional": true,
      "dependencies": {
        "@aws-sdk/middleware-user-agent": "3.972.0",
        "@aws-sdk/types": "3.972.0",
        "@smithy/node-config-provider": "^4.3.8",
        "@smithy/types": "^4.12.0",
        "tslib": "^2.6.2"
      },
      "engines": {
        "node": ">=20.0.0"
      },
      "peerDependencies": {
        "aws-crt": ">=1.0.0"
      },
      "peerDependenciesMeta": {
        "aws-crt": {
          "optional": true
        }
      }
    },
    "node_modules/@aws-sdk/xml-builder": {
      "version": "3.972.0",
      "license": "Apache-2.0",
      "optional": true,
      "dependencies": {
        "@smithy/types": "^4.12.0",
        "fast-xml-parser": "5.2.5",
        "tslib": "^2.6.2"
      },
      "engines": {
        "node": ">=20.0.0"
      }
    },
    "node_modules/@aws/lambda-invoke-store": {
      "version": "0.2.3",
      "license": "Apache-2.0",
      "optional": true,
      "engines": {
        "node": ">=18.0.0"
      }
    },
    "node_modules/@mongodb-js/saslprep": {
      "version": "1.4.5",
      "license": "MIT",
      "optional": true,
      "dependencies": {
        "sparse-bitfield": "^3.0.3"
      }
    },
    "node_modules/@smithy/abort-controller": {
      "version": "4.2.8",
      "license": "Apache-2.0",
      "optional": true,
      "dependencies": {
        "@smithy/types": "^4.12.0",
        "tslib": "^2.6.2"
      },
      "engines": {
        "node": ">=18.0.0"
      }
    },
    "node_modules/@smithy/config-resolver": {
      "version": "4.4.6",
      "license": "Apache-2.0",
      "optional": true,
      "dependencies": {
        "@smithy/node-config-provider": "^4.3.8",
        "@smithy/types": "^4.12.0",
        "@smithy/util-config-provider": "^4.2.0",
        "@smithy/util-endpoints": "^3.2.8",
        "@smithy/util-middleware": "^4.2.8",
        "tslib": "^2.6.2"
      },
      "engines": {
        "node": ">=18.0.0"
      }
    },
    "node_modules/@smithy/core": {
      "version": "3.21.0",
      "license": "Apache-2.0",
      "optional": true,
      "dependencies": {
        "@smithy/middleware-serde": "^4.2.9",
        "@smithy/protocol-http": "^5.3.8",
        "@smithy/types": "^4.12.0",
        "@smithy/util-base64": "^4.3.0",
        "@smithy/util-body-length-browser": "^4.2.0",
        "@smithy/util-middleware": "^4.2.8",
        "@smithy/util-stream": "^4.5.10",
        "@smithy/util-utf8": "^4.2.0",
        "@smithy/uuid": "^1.1.0",
        "tslib": "^2.6.2"
      },
      "engines": {
        "node": ">=18.0.0"
      }
    },
    "node_modules/@smithy/credential-provider-imds": {
      "version": "4.2.8",
      "license": "Apache-2.0",
      "optional": true,
      "dependencies": {
        "@smithy/node-config-provider": "^4.3.8",
        "@smithy/property-provider": "^4.2.8",
        "@smithy/types": "^4.12.0",
        "@smithy/url-parser": "^4.2.8",
        "tslib": "^2.6.2"
      },
      "engines": {
        "node": ">=18.0.0"
      }
    },
    "node_modules/@smithy/fetch-http-handler": {
      "version": "5.3.9",
      "license": "Apache-2.0",
      "optional": true,
      "dependencies": {
        "@smithy/protocol-http": "^5.3.8",
        "@smithy/querystring-builder": "^4.2.8",
        "@smithy/types": "^4.12.0",
        "@smithy/util-base64": "^4.3.0",
        "tslib": "^2.6.2"
      },
      "engines": {
        "node": ">=18.0.0"
      }
    },
    "node_modules/@smithy/hash-node": {
      "version": "4.2.8",
      "license": "Apache-2.0",
      "optional": true,
      "dependencies": {
        "@smithy/types": "^4.12.0",
        "@smithy/util-buffer-from": "^4.2.0",
        "@smithy/util-utf8": "^4.2.0",
        "tslib": "^2.6.2"
      },
      "engines": {
        "node": ">=18.0.0"
      }
    },
    "node_modules/@smithy/hash-node/node_modules/@smithy/is-array-buffer": {
      "version": "4.2.0",
      "license": "Apache-2.0",
      "optional": true,
      "dependencies": {
        "tslib": "^2.6.2"
      },
      "engines": {
        "node": ">=18.0.0"
      }
    },
    "node_modules/@smithy/hash-node/node_modules/@smithy/util-buffer-from": {
      "version": "4.2.0",
      "license": "Apache-2.0",
      "optional": true,
      "dependencies": {
        "@smithy/is-array-buffer": "^4.2.0",
        "tslib": "^2.6.2"
      },
      "engines": {
        "node": ">=18.0.0"
      }
    },
    "node_modules/@smithy/invalid-dependency": {
      "version": "4.2.8",
      "license": "Apache-2.0",
      "optional": true,
      "dependencies": {
        "@smithy/types": "^4.12.0",
        "tslib": "^2.6.2"
      },
      "engines": {
        "node": ">=18.0.0"
      }
    },
    "node_modules/@smithy/is-array-buffer": {
      "version": "2.2.0",
      "license": "Apache-2.0",
      "optional": true,
      "dependencies": {
        "tslib": "^2.6.2"
      },
      "engines": {
        "node": ">=14.0.0"
      }
    },
    "node_modules/@smithy/middleware-content-length": {
      "version": "4.2.8",
      "license": "Apache-2.0",
      "optional": true,
      "dependencies": {
        "@smithy/protocol-http": "^5.3.8",
        "@smithy/types": "^4.12.0",
        "tslib": "^2.6.2"
      },
      "engines": {
        "node": ">=18.0.0"
      }
    },
    "node_modules/@smithy/middleware-endpoint": {
      "version": "4.4.10",
      "license": "Apache-2.0",
      "optional": true,
      "dependencies": {
        "@smithy/core": "^3.21.0",
        "@smithy/middleware-serde": "^4.2.9",
        "@smithy/node-config-provider": "^4.3.8",
        "@smithy/shared-ini-file-loader": "^4.4.3",
        "@smithy/types": "^4.12.0",
        "@smithy/url-parser": "^4.2.8",
        "@smithy/util-middleware": "^4.2.8",
        "tslib": "^2.6.2"
      },
      "engines": {
        "node": ">=18.0.0"
      }
    },
    "node_modules/@smithy/middleware-retry": {
      "version": "4.4.26",
      "license": "Apache-2.0",
      "optional": true,
      "dependencies": {
        "@smithy/node-config-provider": "^4.3.8",
        "@smithy/protocol-http": "^5.3.8",
        "@smithy/service-error-classification": "^4.2.8",
        "@smithy/smithy-client": "^4.10.11",
        "@smithy/types": "^4.12.0",
        "@smithy/util-middleware": "^4.2.8",
        "@smithy/util-retry": "^4.2.8",
        "@smithy/uuid": "^1.1.0",
        "tslib": "^2.6.2"
      },
      "engines": {
        "node": ">=18.0.0"
      }
    },
    "node_modules/@smithy/middleware-serde": {
      "version": "4.2.9",
      "license": "Apache-2.0",
      "optional": true,
      "dependencies": {
        "@smithy/protocol-http": "^5.3.8",
        "@smithy/types": "^4.12.0",
        "tslib": "^2.6.2"
      },
      "engines": {
        "node": ">=18.0.0"
      }
    },
    "node_modules/@smithy/middleware-stack": {
      "version": "4.2.8",
      "license": "Apache-2.0",
      "optional": true,
      "dependencies": {
        "@smithy/types": "^4.12.0",
        "tslib": "^2.6.2"
      },
      "engines": {
        "node": ">=18.0.0"
      }
    },
    "node_modules/@smithy/node-config-provider": {
      "version": "4.3.8",
      "license": "Apache-2.0",
      "optional": true,
      "dependencies": {
        "@smithy/property-provider": "^4.2.8",
        "@smithy/shared-ini-file-loader": "^4.4.3",
        "@smithy/types": "^4.12.0",
        "tslib": "^2.6.2"
      },
      "engines": {
        "node": ">=18.0.0"
      }
    },
    "node_modules/@smithy/node-http-handler": {
      "version": "4.4.8",
      "license": "Apache-2.0",
      "optional": true,
      "dependencies": {
        "@smithy/abort-controller": "^4.2.8",
        "@smithy/protocol-http": "^5.3.8",
        "@smithy/querystring-builder": "^4.2.8",
        "@smithy/types": "^4.12.0",
        "tslib": "^2.6.2"
      },
      "engines": {
        "node": ">=18.0.0"
      }
    },
    "node_modules/@smithy/property-provider": {
      "version": "4.2.8",
      "license": "Apache-2.0",
      "optional": true,
      "dependencies": {
        "@smithy/types": "^4.12.0",
        "tslib": "^2.6.2"
      },
      "engines": {
        "node": ">=18.0.0"
      }
    },
    "node_modules/@smithy/protocol-http": {
      "version": "5.3.8",
      "license": "Apache-2.0",
      "optional": true,
      "dependencies": {
        "@smithy/types": "^4.12.0",
        "tslib": "^2.6.2"
      },
      "engines": {
        "node": ">=18.0.0"
      }
    },
    "node_modules/@smithy/querystring-builder": {
      "version": "4.2.8",
      "license": "Apache-2.0",
      "optional": true,
      "dependencies": {
        "@smithy/types": "^4.12.0",
        "@smithy/util-uri-escape": "^4.2.0",
        "tslib": "^2.6.2"
      },
      "engines": {
        "node": ">=18.0.0"
      }
    },
    "node_modules/@smithy/querystring-parser": {
      "version": "4.2.8",
      "license": "Apache-2.0",
      "optional": true,
      "dependencies": {
        "@smithy/types": "^4.12.0",
        "tslib": "^2.6.2"
      },
      "engines": {
        "node": ">=18.0.0"
      }
    },
    "node_modules/@smithy/service-error-classification": {
      "version": "4.2.8",
      "license": "Apache-2.0",
      "optional": true,
      "dependencies": {
        "@smithy/types": "^4.12.0"
      },
      "engines": {
        "node": ">=18.0.0"
      }
    },
    "node_modules/@smithy/shared-ini-file-loader": {
      "version": "4.4.3",
      "license": "Apache-2.0",
      "optional": true,
      "dependencies": {
        "@smithy/types": "^4.12.0",
        "tslib": "^2.6.2"
      },
      "engines": {
        "node": ">=18.0.0"
      }
    },
    "node_modules/@smithy/signature-v4": {
      "version": "5.3.8",
      "license": "Apache-2.0",
      "optional": true,
      "dependencies": {
        "@smithy/is-array-buffer": "^4.2.0",
        "@smithy/protocol-http": "^5.3.8",
        "@smithy/types": "^4.12.0",
        "@smithy/util-hex-encoding": "^4.2.0",
        "@smithy/util-middleware": "^4.2.8",
        "@smithy/util-uri-escape": "^4.2.0",
        "@smithy/util-utf8": "^4.2.0",
        "tslib": "^2.6.2"
      },
      "engines": {
        "node": ">=18.0.0"
      }
    },
    "node_modules/@smithy/signature-v4/node_modules/@smithy/is-array-buffer": {
      "version": "4.2.0",
      "license": "Apache-2.0",
      "optional": true,
      "dependencies": {
        "tslib": "^2.6.2"
      },
      "engines": {
        "node": ">=18.0.0"
      }
    },
    "node_modules/@smithy/smithy-client": {
      "version": "4.10.11",
      "license": "Apache-2.0",
      "optional": true,
      "dependencies": {
        "@smithy/core": "^3.21.0",
        "@smithy/middleware-endpoint": "^4.4.10",
        "@smithy/middleware-stack": "^4.2.8",
        "@smithy/protocol-http": "^5.3.8",
        "@smithy/types": "^4.12.0",
        "@smithy/util-stream": "^4.5.10",
        "tslib": "^2.6.2"
      },
      "engines": {
        "node": ">=18.0.0"
      }
    },
    "node_modules/@smithy/types": {
      "version": "4.12.0",
      "license": "Apache-2.0",
      "optional": true,
      "dependencies": {
        "tslib": "^2.6.2"
      },
      "engines": {
        "node": ">=18.0.0"
      }
    },
    "node_modules/@smithy/url-parser": {
      "version": "4.2.8",
      "license": "Apache-2.0",
      "optional": true,
      "dependencies": {
        "@smithy/querystring-parser": "^4.2.8",
        "@smithy/types": "^4.12.0",
        "tslib": "^2.6.2"
      },
      "engines": {
        "node": ">=18.0.0"
      }
    },
    "node_modules/@smithy/util-base64": {
      "version": "4.3.0",
      "license": "Apache-2.0",
      "optional": true,
      "dependencies": {
        "@smithy/util-buffer-from": "^4.2.0",
        "@smithy/util-utf8": "^4.2.0",
        "tslib": "^2.6.2"
      },
      "engines": {
        "node": ">=18.0.0"
      }
    },
    "node_modules/@smithy/util-base64/node_modules/@smithy/is-array-buffer": {
      "version": "4.2.0",
      "license": "Apache-2.0",
      "optional": true,
      "dependencies": {
        "tslib": "^2.6.2"
      },
      "engines": {
        "node": ">=18.0.0"
      }
    },
    "node_modules/@smithy/util-base64/node_modules/@smithy/util-buffer-from": {
      "version": "4.2.0",
      "license": "Apache-2.0",
      "optional": true,
      "dependencies": {
        "@smithy/is-array-buffer": "^4.2.0",
        "tslib": "^2.6.2"
      },
      "engines": {
        "node": ">=18.0.0"
      }
    },
    "node_modules/@smithy/util-body-length-browser": {
      "version": "4.2.0",
      "license": "Apache-2.0",
      "optional": true,
      "dependencies": {
        "tslib": "^2.6.2"
      },
      "engines": {
        "node": ">=18.0.0"
      }
    },
    "node_modules/@smithy/util-body-length-node": {
      "version": "4.2.1",
      "license": "Apache-2.0",
      "optional": true,
      "dependencies": {
        "tslib": "^2.6.2"
      },
      "engines": {
        "node": ">=18.0.0"
      }
    },
    "node_modules/@smithy/util-buffer-from": {
      "version": "2.2.0",
      "license": "Apache-2.0",
      "optional": true,
      "dependencies": {
        "@smithy/is-array-buffer": "^2.2.0",
        "tslib": "^2.6.2"
      },
      "engines": {
        "node": ">=14.0.0"
      }
    },
    "node_modules/@smithy/util-config-provider": {
      "version": "4.2.0",
      "license": "Apache-2.0",
      "optional": true,
      "dependencies": {
        "tslib": "^2.6.2"
      },
      "engines": {
        "node": ">=18.0.0"
      }
    },
    "node_modules/@smithy/util-defaults-mode-browser": {
      "version": "4.3.25",
      "license": "Apache-2.0",
      "optional": true,
      "dependencies": {
        "@smithy/property-provider": "^4.2.8",
        "@smithy/smithy-client": "^4.10.11",
        "@smithy/types": "^4.12.0",
        "tslib": "^2.6.2"
      },
      "engines": {
        "node": ">=18.0.0"
      }
    },
    "node_modules/@smithy/util-defaults-mode-node": {
      "version": "4.2.28",
      "license": "Apache-2.0",
      "optional": true,
      "dependencies": {
        "@smithy/config-resolver": "^4.4.6",
        "@smithy/credential-provider-imds": "^4.2.8",
        "@smithy/node-config-provider": "^4.3.8",
        "@smithy/property-provider": "^4.2.8",
        "@smithy/smithy-client": "^4.10.11",
        "@smithy/types": "^4.12.0",
        "tslib": "^2.6.2"
      },
      "engines": {
        "node": ">=18.0.0"
      }
    },
    "node_modules/@smithy/util-endpoints": {
      "version": "3.2.8",
      "license": "Apache-2.0",
      "optional": true,
      "dependencies": {
        "@smithy/node-config-provider": "^4.3.8",
        "@smithy/types": "^4.12.0",
        "tslib": "^2.6.2"
      },
      "engines": {
        "node": ">=18.0.0"
      }
    },
    "node_modules/@smithy/util-hex-encoding": {
      "version": "4.2.0",
      "license": "Apache-2.0",
      "optional": true,
      "dependencies": {
        "tslib": "^2.6.2"
      },
      "engines": {
        "node": ">=18.0.0"
      }
    },
    "node_modules/@smithy/util-middleware": {
      "version": "4.2.8",
      "license": "Apache-2.0",
      "optional": true,
      "dependencies": {
        "@smithy/types": "^4.12.0",
        "tslib": "^2.6.2"
      },
      "engines": {
        "node": ">=18.0.0"
      }
    },
    "node_modules/@smithy/util-retry": {
      "version": "4.2.8",
      "license": "Apache-2.0",
      "optional": true,
      "dependencies": {
        "@smithy/service-error-classification": "^4.2.8",
        "@smithy/types": "^4.12.0",
        "tslib": "^2.6.2"
      },
      "engines": {
        "node": ">=18.0.0"
      }
    },
    "node_modules/@smithy/util-stream": {
      "version": "4.5.10",
      "license": "Apache-2.0",
      "optional": true,
      "dependencies": {
        "@smithy/fetch-http-handler": "^5.3.9",
        "@smithy/node-http-handler": "^4.4.8",
        "@smithy/types": "^4.12.0",
        "@smithy/util-base64": "^4.3.0",
        "@smithy/util-buffer-from": "^4.2.0",
        "@smithy/util-hex-encoding": "^4.2.0",
        "@smithy/util-utf8": "^4.2.0",
        "tslib": "^2.6.2"
      },
      "engines": {
        "node": ">=18.0.0"
      }
    },
    "node_modules/@smithy/util-stream/node_modules/@smithy/is-array-buffer": {
      "version": "4.2.0",
      "license": "Apache-2.0",
      "optional": true,
      "dependencies": {
        "tslib": "^2.6.2"
      },
      "engines": {
        "node": ">=18.0.0"
      }
    },
    "node_modules/@smithy/util-stream/node_modules/@smithy/util-buffer-from": {
      "version": "4.2.0",
      "license": "Apache-2.0",
      "optional": true,
      "dependencies": {
        "@smithy/is-array-buffer": "^4.2.0",
        "tslib": "^2.6.2"
      },
      "engines": {
        "node": ">=18.0.0"
      }
    },
    "node_modules/@smithy/util-uri-escape": {
      "version": "4.2.0",
      "license": "Apache-2.0",
      "optional": true,
      "dependencies": {
        "tslib": "^2.6.2"
      },
      "engines": {
        "node": ">=18.0.0"
      }
    },
    "node_modules/@smithy/util-utf8": {
      "version": "4.2.0",
      "license": "Apache-2.0",
      "optional": true,
      "dependencies": {
        "@smithy/util-buffer-from": "^4.2.0",
        "tslib": "^2.6.2"
      },
      "engines": {
        "node": ">=18.0.0"
      }
    },
    "node_modules/@smithy/util-utf8/node_modules/@smithy/is-array-buffer": {
      "version": "4.2.0",
      "license": "Apache-2.0",
      "optional": true,
      "dependencies": {
        "tslib": "^2.6.2"
      },
      "engines": {
        "node": ">=18.0.0"
      }
    },
    "node_modules/@smithy/util-utf8/node_modules/@smithy/util-buffer-from": {
      "version": "4.2.0",
      "license": "Apache-2.0",
      "optional": true,
      "dependencies": {
        "@smithy/is-array-buffer": "^4.2.0",
        "tslib": "^2.6.2"
      },
      "engines": {
        "node": ">=18.0.0"
      }
    },
    "node_modules/@smithy/uuid": {
      "version": "1.1.0",
      "license": "Apache-2.0",
      "optional": true,
      "dependencies": {
        "tslib": "^2.6.2"
      },
      "engines": {
        "node": ">=18.0.0"
      }
    },
    "node_modules/@types/node": {
      "version": "25.0.10",
      "license": "MIT",
      "dependencies": {
        "undici-types": "~7.16.0"
      }
    },
    "node_modules/@types/webidl-conversions": {
      "version": "7.0.3",
      "license": "MIT"
    },
    "node_modules/@types/whatwg-url": {
      "version": "8.2.2",
      "license": "MIT",
      "dependencies": {
        "@types/node": "*",
        "@types/webidl-conversions": "*"
      }
    },
    "node_modules/base64-js": {
      "version": "1.5.1",
      "funding": [
        {
          "type": "github",
          "url": "https://github.com/sponsors/feross"
        },
        {
          "type": "patreon",
          "url": "https://www.patreon.com/feross"
        },
        {
          "type": "consulting",
          "url": "https://feross.org/support"
        }
      ],
      "license": "MIT"
    },
    "node_modules/bowser": {
      "version": "2.13.1",
      "license": "MIT",
      "optional": true
    },
    "node_modules/bson": {
      "version": "4.7.2",
      "license": "Apache-2.0",
      "dependencies": {
        "buffer": "^5.6.0"
      },
      "engines": {
        "node": ">=6.9.0"
      }
    },
    "node_modules/buffer": {
      "version": "5.7.1",
      "funding": [
        {
          "type": "github",
          "url": "https://github.com/sponsors/feross"
        },
        {
          "type": "patreon",
          "url": "https://www.patreon.com/feross"
        },
        {
          "type": "consulting",
          "url": "https://feross.org/support"
        }
      ],
      "license": "MIT",
      "dependencies": {
        "base64-js": "^1.3.1",
        "ieee754": "^1.1.13"
      }
    },
    "node_modules/fast-xml-parser": {
      "version": "5.2.5",
      "funding": [
        {
          "type": "github",
          "url": "https://github.com/sponsors/NaturalIntelligence"
        }
      ],
      "license": "MIT",
      "optional": true,
      "dependencies": {
        "strnum": "^2.1.0"
      },
      "bin": {
        "fxparser": "src/cli/cli.js"
      }
    },
    "node_modules/ieee754": {
      "version": "1.2.1",
      "funding": [
        {
          "type": "github",
          "url": "https://github.com/sponsors/feross"
        },
        {
          "type": "patreon",
          "url": "https://www.patreon.com/feross"
        },
        {
          "type": "consulting",
          "url": "https://feross.org/support"
        }
      ],
      "license": "BSD-3-Clause"
    },
    "node_modules/ip-address": {
      "version": "10.1.0",
      "license": "MIT",
      "engines": {
        "node": ">= 12"
      }
    },
    "node_modules/memory-pager": {
      "version": "1.5.0",
      "license": "MIT",
      "optional": true
    },
    "node_modules/mongodb": {
      "version": "4.17.2",
      "license": "Apache-2.0",
      "dependencies": {
        "bson": "^4.7.2",
        "mongodb-connection-string-url": "^2.6.0",
        "socks": "^2.7.1"
      },
      "engines": {
        "node": ">=12.9.0"
      },
      "optionalDependencies": {
        "@aws-sdk/credential-providers": "^3.186.0",
        "@mongodb-js/saslprep": "^1.1.0"
      }
    },
    "node_modules/mongodb-connection-string-url": {
      "version": "2.6.0",
      "license": "Apache-2.0",
      "dependencies": {
        "@types/whatwg-url": "^8.2.1",
        "whatwg-url": "^11.0.0"
      }
    },
    "node_modules/punycode": {
      "version": "2.3.1",
      "license": "MIT",
      "engines": {
        "node": ">=6"
      }
    },
    "node_modules/smart-buffer": {
      "version": "4.2.0",
      "license": "MIT",
      "engines": {
        "node": ">= 6.0.0",
        "npm": ">= 3.0.0"
      }
    },
    "node_modules/socks": {
      "version": "2.8.7",
      "license": "MIT",
      "dependencies": {
        "ip-address": "^10.0.1",
        "smart-buffer": "^4.2.0"
      },
      "engines": {
        "node": ">= 10.0.0",
        "npm": ">= 3.0.0"
      }
    },
    "node_modules/sparse-bitfield": {
      "version": "3.0.3",
      "license": "MIT",
      "optional": true,
      "dependencies": {
        "memory-pager": "^1.0.2"
      }
    },
    "node_modules/strnum": {
      "version": "2.1.2",
      "funding": [
        {
          "type": "github",
          "url": "https://github.com/sponsors/NaturalIntelligence"
        }
      ],
      "license": "MIT",
      "optional": true
    },
    "node_modules/tr46": {
      "version": "3.0.0",
      "license": "MIT",
      "dependencies": {
        "punycode": "^2.1.1"
      },
      "engines": {
        "node": ">=12"
      }
    },
    "node_modules/tslib": {
      "version": "2.8.1",
      "license": "0BSD",
      "optional": true
    },
    "node_modules/undici-types": {
      "version": "7.16.0",
      "license": "MIT"
    },
    "node_modules/webidl-conversions": {
      "version": "7.0.0",
      "license": "BSD-2-Clause",
      "engines": {
        "node": ">=12"
      }
    },
    "node_modules/whatwg-url": {
      "version": "11.0.0",
      "license": "MIT",
      "dependencies": {
        "tr46": "^3.0.0",
        "webidl-conversions": "^7.0.0"
      },
      "engines": {
        "node": ">=12"
      }
    },
    "screeps-modules/common": {
      "name": "@screeps/common",
      "version": "2.15.5",
      "extraneous": true,
      "license": "ISC",
      "dependencies": {
        "eslint": "^5.12.1",
        "lodash": "^3.10.1",
        "q": "^1.4.1"
      }
    },
    "screeps-modules/driver": {
      "name": "@screeps/driver",
      "version": "5.2.5",
      "extraneous": true,
      "hasInstallScript": true,
      "license": "ISC",
      "dependencies": {
        "generic-pool": "^3.4.1",
        "isolated-vm": "^2.0.1",
        "lodash": "^3.10.1",
        "nan": "^2.14.0",
        "node-gyp": "^3.8.0",
        "q": "^1.4.1",
        "webpack": "^3.11.0",
        "webpack-shell-plugin": "^0.5.0"
      }
    },
    "screeps-modules/engine": {
      "name": "@screeps/engine",
      "version": "4.2.22",
      "extraneous": true,
      "license": "ISC",
      "dependencies": {
        "@screeps/pathfinding": "^0.4.17",
        "bulk-require": "^0.2.1",
        "cross-env": "^5.2.0",
        "lodash": "3.10.1",
        "q": "^1.0.1"
      },
      "bin": {
        "screeps-engine-main": "dist/main.js",
        "screeps-engine-processor": "dist/processor.js",
        "screeps-engine-runner": "dist/runner.js"
      },
      "devDependencies": {
        "babel-plugin-transform-es2015-destructuring": "^6.23.0",
        "babel-plugin-transform-strict-mode": "^6.24.1",
        "babel-preset-es2015": "^6.24.1",
        "cross-env": "^5.2.0",
        "gulp": "^3.9.1",
        "gulp-babel": "^6.1.2",
        "gulp-plumber": "^1.1.0",
        "gulp-sourcemaps": "^2.6.0",
        "gulp-traceur": "^0.17.2",
        "gulp-watch": "^4.3.11",
        "jasmine": "^3.3.0"
      }
    }
  }
}
